# THIS IS AN AUTOGENERATED FILE. DO NOT EDIT THIS FILE DIRECTLY.
# yarn lockfile v1


"@ironcorelabs/ironnode@^1.1.2-pre":
  version "1.2.0"
  resolved "https://registry.yarnpkg.com/@ironcorelabs/ironnode/-/ironnode-1.2.0.tgz#a870b50d8e36f22fd8d260ec71f43ff26e58fd74"
  integrity sha512-w/oPghtGlf+1DFdcPv2d0BXPE4ZZI3VruGDkQfZzGS59knHB2L3vtLDFpNxh0B4CdPeCdz/Co0vky7zqYnhmuA==
  dependencies:
    "@ironcorelabs/recrypt-node-binding" "^0.11.0"
    futurejs "2.2.1"

"@ironcorelabs/recrypt-node-binding@^0.11.0":
  version "0.11.1"
  resolved "https://registry.yarnpkg.com/@ironcorelabs/recrypt-node-binding/-/recrypt-node-binding-0.11.1.tgz#0efe041b4f712995b7c9a6b4da16b2f7e6b53dba"
  integrity sha512-DzTZAcRd3Ky0SO90lX0rrRewXkMxkVfutcepu+iB7wBFjEheaFUnEbtJAQQtjnIvzadaM6iJ/l3zUMb4QTcghA==
  dependencies:
    "@mapbox/node-pre-gyp" "^2.0.0"

"@isaacs/fs-minipass@^4.0.0":
  version "4.0.1"
  resolved "https://registry.yarnpkg.com/@isaacs/fs-minipass/-/fs-minipass-4.0.1.tgz#2d59ae3ab4b38fb4270bfa23d30f8e2e86c7fe32"
  integrity sha512-wgm9Ehl2jpeqP3zw/7mo3kRHFp5MEDhqAdwy1fTGkHAwnkGOVsgpvQhL8B5n1qlb01jV3n/bI0ZfZp5lWA1k4w==
  dependencies:
    minipass "^7.0.4"

"@mapbox/node-pre-gyp@^2.0.0":
  version "2.0.3"
  resolved "https://registry.yarnpkg.com/@mapbox/node-pre-gyp/-/node-pre-gyp-2.0.3.tgz#236aa1f62c101ce4c9db15697cb652ec69dca379"
  integrity sha512-uwPAhccfFJlsfCxMYTwOdVfOz3xqyj8xYL3zJj8f0pb30tLohnnFPhLuqp4/qoEz8sNxe4SESZedcBojRefIzg==
  dependencies:
    consola "^3.2.3"
    detect-libc "^2.0.0"
    https-proxy-agent "^7.0.5"
    node-fetch "^2.6.7"
    nopt "^8.0.0"
    semver "^7.5.3"
    tar "^7.4.0"

"@types/node@^20.14.8":
  version "20.19.22"
  resolved "https://registry.yarnpkg.com/@types/node/-/node-20.19.22.tgz#f17e80ee1d1fdd10d50bef449abe23bfc0216780"
  integrity sha512-hRnu+5qggKDSyWHlnmThnUqg62l29Aj/6vcYgUaSFL9oc7DVjeWEQN3PRgdSc6F8d9QRMWkf36CLMch1Do/+RQ==
  dependencies:
    undici-types "~6.21.0"

abbrev@^3.0.0:
  version "3.0.1"
  resolved "https://registry.yarnpkg.com/abbrev/-/abbrev-3.0.1.tgz#8ac8b3b5024d31464fe2a5feeea9f4536bf44025"
  integrity sha512-AO2ac6pjRB3SJmGJo+v5/aK6Omggp6fsLrs6wN9bd35ulu4cCwaAU9+7ZhXjeqHVkaHThLuzH0nZr0YpCDhygg==

agent-base@^7.1.2:
  version "7.1.4"
  resolved "https://registry.yarnpkg.com/agent-base/-/agent-base-7.1.4.tgz#e3cd76d4c548ee895d3c3fd8dc1f6c5b9032e7a8"
  integrity sha512-MnA+YT8fwfJPgBx3m60MNqakm30XOkyIoH1y6huTQvC0PwZG7ki8NacLBcrPbNoo8vEZy7Jpuk7+jMO+CUovTQ==

chownr@^3.0.0:
  version "3.0.0"
  resolved "https://registry.yarnpkg.com/chownr/-/chownr-3.0.0.tgz#9855e64ecd240a9cc4267ce8a4aa5d24a1da15e4"
  integrity sha512-+IxzY9BZOQd/XuYPRmrvEVjF/nqj5kgT4kEq7VofrDoM1MxoRjEWkrCC3EtLi59TVawxTAn+orJwFQcrqEN1+g==

consola@^3.2.3:
  version "3.4.2"
  resolved "https://registry.yarnpkg.com/consola/-/consola-3.4.2.tgz#5af110145397bb67afdab77013fdc34cae590ea7"
  integrity sha512-5IKcdX0nnYavi6G7TtOhwkYzyjfJlatbjMjuLSfE2kYT5pMDOilZ4OvMhi637CcDICTmz3wARPoyhqyX1Y+XvA==

debug@4:
  version "4.3.3"
  resolved "https://registry.yarnpkg.com/debug/-/debug-4.3.3.tgz#04266e0b70a98d4462e6e288e38259213332b664"
  integrity sha512-/zxw5+vh1Tfv+4Qn7a5nsbcJKPaSvCDhojn6FEl9vupwK2VCSDtEiEtqr8DFtzYFOdz63LBkxec7DYuc2jon6Q==
  dependencies:
    ms "2.1.2"

detect-libc@^2.0.0:
  version "2.1.2"
  resolved "https://registry.yarnpkg.com/detect-libc/-/detect-libc-2.1.2.tgz#689c5dcdc1900ef5583a4cb9f6d7b473742074ad"
  integrity sha512-Btj2BOOO83o3WyH59e8MgXsxEQVcarkUOpEYrubB0urwnN10yQ364rsiByU11nZlqWYZm05i/of7io4mzihBtQ==

futurejs@2.2.1:
  version "2.2.1"
  resolved "https://registry.yarnpkg.com/futurejs/-/futurejs-2.2.1.tgz#cf33a34469f64afe34ddb5635bc5734ee7098b3b"
  integrity sha512-Cu7CcMGi9pGxSgReNo2flwxLmOCKOOc5VZQvusfhtUT2MPeoap42c6ommcl0aqEI1XKO5d5z/w6fM7VyWs0GDA==

https-proxy-agent@^7.0.5:
  version "7.0.6"
  resolved "https://registry.yarnpkg.com/https-proxy-agent/-/https-proxy-agent-7.0.6.tgz#da8dfeac7da130b05c2ba4b59c9b6cd66611a6b9"
  integrity sha512-vK9P5/iUfdl95AI+JVyUuIcVtd4ofvtrOr3HNtM2yxC9bnMbEdp3x01OhQNnjb8IJYi38VlTE3mBXwcfvywuSw==
  dependencies:
    agent-base "^7.1.2"
    debug "4"

minipass@^7.0.4, minipass@^7.1.2:
  version "7.1.3"
  resolved "https://registry.yarnpkg.com/minipass/-/minipass-7.1.3.tgz#79389b4eb1bb2d003a9bba87d492f2bd37bdc65b"
  integrity sha512-tEBHqDnIoM/1rXME1zgka9g6Q2lcoCkxHLuc7ODJ5BxbP5d4c2Z5cGgtXAku59200Cx7diuHTOYfSBD8n6mm8A==

minizlib@^3.1.0:
  version "3.1.0"
  resolved "https://registry.yarnpkg.com/minizlib/-/minizlib-3.1.0.tgz#6ad76c3a8f10227c9b51d1c9ac8e30b27f5a251c"
  integrity sha512-KZxYo1BUkWD2TVFLr0MQoM8vUUigWD3LlD83a/75BqC+4qE0Hb1Vo5v1FgcfaNXvfXzr+5EhQ6ing/CaBijTlw==
  dependencies:
    minipass "^7.1.2"

ms@2.1.2:
  version "2.1.2"
  resolved "https://registry.yarnpkg.com/ms/-/ms-2.1.2.tgz#d09d1f357b443f493382a8eb3ccd183872ae6009"
  integrity sha512-sGkPx+VjMtmA6MX27oA4FBFELFCZZ4S4XqeGOXCv68tT+jb3vk/RyaKWP0PTKyWtmLSM0b+adUTEvbs1PEaH2w==

node-fetch@^2.6.7:
  version "2.7.0"
  resolved "https://registry.yarnpkg.com/node-fetch/-/node-fetch-2.7.0.tgz#d0f0fa6e3e2dc1d27efcd8ad99d550bda94d187d"
  integrity sha512-c4FRfUm/dbcWZ7U+1Wq0AwCyFL+3nt2bEw05wfxSz+DWpWsitgmSgYmy2dQdWyKC1694ELPqMs/YzUSNozLt8A==
  dependencies:
    whatwg-url "^5.0.0"

nopt@^8.0.0:
  version "8.1.0"
  resolved "https://registry.yarnpkg.com/nopt/-/nopt-8.1.0.tgz#b11d38caf0f8643ce885818518064127f602eae3"
  integrity sha512-ieGu42u/Qsa4TFktmaKEwM6MQH0pOWnaB3htzh0JRtx84+Mebc0cbZYN5bC+6WTZ4+77xrL9Pn5m7CV6VIkV7A==
  dependencies:
    abbrev "^3.0.0"

semver@^7.5.3:
  version "7.8.4"
  resolved "https://registry.yarnpkg.com/semver/-/semver-7.8.4.tgz#c73eceebae0616934be8dff28a7fd70757c8e696"
  integrity sha512-rUCObTnP32Q08R2uuIrt7r9PlEonuTmtuXYcW6s5kjdlj3xbnwe+21yXptAUYcMAABLkYYTtnmzb3w3EDZfueA==

tar@^7.4.0:
  version "7.5.16"
  resolved "https://registry.yarnpkg.com/tar/-/tar-7.5.16.tgz#f11e063afed4554f758049d082909e37d6b53ced"
  integrity sha512-56adEpPMouktRlBLXiaYFFzZ/3+JXa8P9n7WbR+ibIjtviN55mEaOkiysCnPnWm+7kkui1Dn8J9l+g6zV8731w==
  dependencies:
    "@isaacs/fs-minipass" "^4.0.0"
    chownr "^3.0.0"
    minipass "^7.1.2"
    minizlib "^3.1.0"
    yallist "^5.0.0"

tr46@~0.0.3:
  version "0.0.3"
  resolved "https://registry.yarnpkg.com/tr46/-/tr46-0.0.3.tgz#8184fd347dac9cdc185992f3a6622e14b9d9ab6a"
  integrity sha1-gYT9NH2snNwYWZLzpmIuFLnZq2o=

typescript@^4.9.5:
  version "4.9.5"
  resolved "https://registry.yarnpkg.com/typescript/-/typescript-4.9.5.tgz#095979f9bcc0d09da324d58d03ce8f8374cbe65a"
  integrity sha512-1FXk9E2Hm+QzZQ7z+McJiHL4NW1F2EzMu9Nq9i3zAaGqibafqYwCVU6WyWAuyQRRzOlxou8xZSyXLEN8oKj24g==

undici-types@~6.21.0:
  version "6.21.0"
  resolved "https://registry.yarnpkg.com/undici-types/-/undici-types-6.21.0.tgz#691d00af3909be93a7faa13be61b3a5b50ef12cb"
  integrity sha512-iwDZqg0QAGrg9Rav5H4n0M64c3mkR59cJ6wQp+7C4nI0gsmExaedaYLNO44eT4AtBBwjbTiGPMlt2Md0T9H9JQ==

webidl-conversions@^3.0.0:
  version "3.0.1"
  resolved "https://registry.yarnpkg.com/webidl-conversions/-/webidl-conversions-3.0.1.tgz#24534275e2a7bc6be7bc86611cc16ae0a5654871"
  integrity sha1-JFNCdeKnvGvnvIZhHMFq4KVlSHE=

whatwg-url@^5.0.0:
  version "5.0.0"
  resolved "https://registry.yarnpkg.com/whatwg-url/-/whatwg-url-5.0.0.tgz#966454e8765462e37644d3626f6742ce8b70965d"
  integrity sha1-lmRU6HZUYuN2RNNib2dCzotwll0=
  dependencies:
    tr46 "~0.0.3"
    webidl-conversions "^3.0.0"

yallist@^5.0.0:
  version "5.0.0"
  resolved "https://registry.yarnpkg.com/yallist/-/yallist-5.0.0.tgz#00e2de443639ed0d78fd87de0d27469fbcffb533"
  integrity sha512-YgvUTfwqyc7UXVMrB+SImsVYSmTS8X/tSrtdNZMImM+n7+QTriRXyXim0mBrTXNeqzVF0KWGgHPeiyViFFrNDw==
